{
  "name": "UI I Like",
  "lockfileVersion": 3,
  "requires": true,
  "packages": {
    "": {
      "dependencies": {
        "react-loading-indicators": "^1.0.1"
      }
    },
    "node_modules/react-loading-indicators": {
      "version": "1.0.1",
      "resolved": "https://registry.npmjs.org/react-loading-indicators/-/react-loading-indicators-1.0.1.tgz",
      "integrity": "sha512-tmGHdzw4arI83y8VYirck1n7suvdh1LAkeLk2v2pYMAWhPesQWcexqWKh9x6jDz/XAaIX/wFKS9MdDV8sSdoVw==",
      "license": "MIT",
      "engines": {
        "node": ">=12.0.0"
      },
      "peerDependencies": {
        "react": ">=16.8.0",
        "react-dom": ">=16.8.0"
      }
    }
  }
}
